<?xml version="1.0" encoding="UTF-8" standalone="yes" ?>
<CodeBlocks_project_file>
	<FileVersion major="1" minor="6" />
	<Project>
		<Option title="fulltester" />
		<Option pch_mode="2" />
		<Option compiler="cygwin" />
		<Build>
			<Target title="fulltester">
				<Option output="fulltester" prefix_auto="1" extension_auto="1" />
				<Option object_output="C:/Users/Rodrigo/Documents/Programacao/ECE297/tester/fulltester/.objs" />
				<Option type="1" />
				<Option compiler="cygwin" />
				<Compiler>
					<Add option="-g" />
				</Compiler>
			</Target>
		</Build>
		<Compiler>
			<Add option="-Wall" />
		</Compiler>
		<Unit filename="../../storage.c">
			<Option compilerVar="CC" />
		</Unit>
		<Unit filename="../../storage.h" />
		<Unit filename="../../utils.c">
			<Option compilerVar="CC" />
		</Unit>
		<Unit filename="../../utils.h" />
		<Unit filename="main.c">
			<Option compilerVar="CC" />
		</Unit>
		<Extensions>
			<code_completion />
			<envvars />
			<debugger />
		</Extensions>
	</Project>
</CodeBlocks_project_file>
